
Microsoft Visual Studio Solution File, Format Version 12.00
# Visual Studio Version 17
VisualStudioVersion = 17.8.34309.116
MinimumVisualStudioVersion = 10.0.40219.1
Project("{FAE04EC0-301F-11D3-BF4B-00C04F79EFBC}") = "2nd-problem-sir", "2nd-problem-sir\2nd-problem-sir.csproj", "{E1ED734A-3F0A-4808-8CDE-8BAE86F48CC8}"
EndProject
Global
	GlobalSection(SolutionConfigurationPlatforms) = preSolution
		Debug|Any CPU = Debug|Any CPU
		Release|Any CPU = Release|Any CPU
	EndGlobalSection
	GlobalSection(ProjectConfigurationPlatforms) = postSolution
		{E1ED734A-3F0A-4808-8CDE-8BAE86F48CC8}.Debug|Any CPU.ActiveCfg = Debug|Any CPU
		{E1ED734A-3F0A-4808-8CDE-8BAE86F48CC8}.Debug|Any CPU.Build.0 = Debug|Any CPU
		{E1ED734A-3F0A-4808-8CDE-8BAE86F48CC8}.Release|Any CPU.ActiveCfg = Release|Any CPU
		{E1ED734A-3F0A-4808-8CDE-8BAE86F48CC8}.Release|Any CPU.Build.0 = Release|Any CPU
	EndGlobalSection
	GlobalSection(SolutionProperties) = preSolution
		HideSolutionNode = FALSE
	EndGlobalSection
	GlobalSection(ExtensibilityGlobals) = postSolution
		SolutionGuid = {5C82FF34-1955-4A48-87ED-48914F8B9E01}
	EndGlobalSection
EndGlobal
